<?xml version="1.0" encoding="utf-8"?>
<Project ToolsVersion="4.0" xmlns="http://schemas.microsoft.com/developer/msbuild/2003">
  <ItemGroup>
    <Filter Include="Source Files">
      <UniqueIdentifier>{4FC737F1-C7A5-4376-A066-2A32D752A2FF}</UniqueIdentifier>
      <Extensions>cpp;c;cc;cxx;c++;cppm;ixx;def;odl;idl;hpj;bat;asm;asmx</Extensions>
    </Filter>
    <Filter Include="Header Files">
      <UniqueIdentifier>{93995380-89BD-4b04-88EB-625FBE52EBFB}</UniqueIdentifier>
      <Extensions>h;hh;hpp;hxx;h++;hm;inl;inc;ipp;xsd</Extensions>
    </Filter>
    <Filter Include="Resource Files">
      <UniqueIdentifier>{67DA6AB6-F800-4c08-8B7A-83BB121AAD01}</UniqueIdentifier>
      <Extensions>rc;ico;cur;bmp;dlg;rc2;rct;bin;rgs;gif;jpg;jpeg;jpe;resx;tiff;tif;png;wav;mfcribbon-ms</Extensions>
    </Filter>
  </ItemGroup>
  <ItemGroup>
    <ClCompile Include="register_types.cpp">
      <Filter>Source Files</Filter>
    </ClCompile>
    <ClCompile Include="cinecam2d.cpp">
      <Filter>Source Files</Filter>
    </ClCompile>
    <ClCompile Include="gdclass_metadata.cpp">
      <Filter>Source Files</Filter>
    </ClCompile>
    <ClCompile Include="template_node.cpp">
      <Filter>Source Files</Filter>
    </ClCompile>
    <ClCompile Include="virtual_cam2d.cpp">
      <Filter>Source Files</Filter>
    </ClCompile>
    <ClCompile Include="template_resource.cpp">
      <Filter>Source Files</Filter>
    </ClCompile>
    <ClCompile Include="blend_data2d.cpp">
      <Filter>Source Files</Filter>
    </ClCompile>
    <ClCompile Include="cam_sequence2d.cpp">
      <Filter>Source Files</Filter>
    </ClCompile>
    <ClCompile Include="cam_target2d.cpp">
      <Filter>Source Files</Filter>
    </ClCompile>
    <ClCompile Include="print_utils.cpp">
      <Filter>Source Files</Filter>
    </ClCompile>
    <ClCompile Include="cinecam3d.cpp">
      <Filter>Source Files</Filter>
    </ClCompile>
    <ClCompile Include="virtual_cam3d.cpp">
      <Filter>Source Files</Filter>
    </ClCompile>
    <ClCompile Include="blend_data3d.cpp">
      <Filter>Source Files</Filter>
    </ClCompile>
    <ClCompile Include="cam_sequence3d.cpp">
      <Filter>Source Files</Filter>
    </ClCompile>
    <ClCompile Include="cam_target3d.cpp">
      <Filter>Source Files</Filter>
    </ClCompile>
    <ClCompile Include="cinecam_editor_start.cpp">
      <Filter>Source Files</Filter>
    </ClCompile>
  </ItemGroup>
  <ItemGroup>
    <ClInclude Include="register_types.h">
      <Filter>Header Files</Filter>
    </ClInclude>
    <ClInclude Include="cinecam2d.h">
      <Filter>Header Files</Filter>
    </ClInclude>
    <ClInclude Include="bind_utils.h">
      <Filter>Header Files</Filter>
    </ClInclude>
    <ClInclude Include="gdclass_metadata.h">
      <Filter>Header Files</Filter>
    </ClInclude>
    <ClInclude Include="template_node.h">
      <Filter>Header Files</Filter>
    </ClInclude>
    <ClInclude Include="virtual_cam2d.h">
      <Filter>Header Files</Filter>
    </ClInclude>
    <ClInclude Include="template_resource.h">
      <Filter>Header Files</Filter>
    </ClInclude>
    <ClInclude Include="blend_data2d.h">
      <Filter>Header Files</Filter>
    </ClInclude>
    <ClInclude Include="cam_sequence2d.h">
      <Filter>Header Files</Filter>
    </ClInclude>
    <ClInclude Include="cam_target2d.h">
      <Filter>Header Files</Filter>
    </ClInclude>
    <ClInclude Include="print_utils.h">
      <Filter>Header Files</Filter>
    </ClInclude>
    <ClInclude Include="cinecam3d.h">
      <Filter>Header Files</Filter>
    </ClInclude>
    <ClInclude Include="virtual_cam3d.h">
      <Filter>Header Files</Filter>
    </ClInclude>
    <ClInclude Include="blend_data3d.h">
      <Filter>Header Files</Filter>
    </ClInclude>
    <ClInclude Include="cam_sequence3d.h">
      <Filter>Header Files</Filter>
    </ClInclude>
    <ClInclude Include="cam_target3d.h">
      <Filter>Header Files</Filter>
    </ClInclude>
    <ClInclude Include="cinecam_editor_start.h">
      <Filter>Header Files</Filter>
    </ClInclude>
  </ItemGroup>
  <ItemGroup>
    <Text Include="coding_guidelines.txt" />
  </ItemGroup>
</Project>